// !$*UTF8*$!
{
	archiveVersion = 1;
	classes = {
	};
	objectVersion = 51;
	objects = {

/* Begin PBXBuildFile section */
		9B00A48824EFAFB200272E4F /* AppDelegate.m in Sources */ = {isa = PBXBuildFile; fileRef = 9B00A48724EFAFB200272E4F /* AppDelegate.m */; };
		9B00A48B24EFAFB200272E4F /* SceneDelegate.m in Sources */ = {isa = PBXBuildFile; fileRef = 9B00A48A24EFAFB200272E4F /* SceneDelegate.m */; };
		9B00A48E24EFAFB200272E4F /* ViewController.m in Sources */ = {isa = PBXBuildFile; fileRef = 9B00A48D24EFAFB200272E4F /* ViewController.m */; };
		9B00A49124EFAFB200272E4F /* Main.storyboard in Resources */ = {isa = PBXBuildFile; fileRef = 9B00A48F24EFAFB200272E4F /* Main.storyboard */; };
		9B00A49324EFAFB500272E4F /* Assets.xcassets in Resources */ = {isa = PBXBuildFile; fileRef = 9B00A49224EFAFB500272E4F /* Assets.xcassets */; };
		9B00A49624EFAFB500272E4F /* LaunchScreen.storyboard in Resources */ = {isa = PBXBuildFile; fileRef = 9B00A49424EFAFB500272E4F /* LaunchScreen.storyboard */; };
		9B00A49924EFAFB500272E4F /* main.m in Sources */ = {isa = PBXBuildFile; fileRef = 9B00A49824EFAFB500272E4F /* main.m */; };
		AC8791D2A67377949AAC34C4 /* Pods_WHKitDemo.framework in Frameworks */ = {isa = PBXBuildFile; fileRef = 7F1558FB1154EAFA8BB8757D /* Pods_WHKitDemo.framework */; };
/* End PBXBuildFile section */

/* Begin PBXFileReference section */
		7F1558FB1154EAFA8BB8757D /* Pods_WHKitDemo.framework */ = {isa = PBXFileReference; explicitFileType = wrapper.framework; includeInIndex = 0; path = Pods_WHKitDemo.framework; sourceTree = BUILT_PRODUCTS_DIR; };
		941A6A9889FB0527E704127B /* Pods-WHKitDemo.release.xcconfig */ = {isa = PBXFileReference; includeInIndex = 1; lastKnownFileType = text.xcconfig; name = "Pods-WHKitDemo.release.xcconfig"; path = "Target Support Files/Pods-WHKitDemo/Pods-WHKitDemo.release.xcconfig"; sourceTree = "<group>"; };
		9B00A48324EFAFB200272E4F /* WHKitDemo.app */ = {isa = PBXFileReference; explicitFileType = wrapper.application; includeInIndex = 0; path = WHKitDemo.app; sourceTree = BUILT_PRODUCTS_DIR; };
		9B00A48624EFAFB200272E4F /* AppDelegate.h */ = {isa = PBXFileReference; lastKnownFileType = sourcecode.c.h; path = AppDelegate.h; sourceTree = "<group>"; };
		9B00A48724EFAFB200272E4F /* AppDelegate.m */ = {isa = PBXFileReference; lastKnownFileType = sourcecode.c.objc; path = AppDelegate.m; sourceTree = "<group>"; };
		9B00A48924EFAFB200272E4F /* SceneDelegate.h */ = {isa = PBXFileReference; lastKnownFileType = sourcecode.c.h; path = SceneDelegate.h; sourceTree = "<group>"; };
		9B00A48A24EFAFB200272E4F /* SceneDelegate.m */ = {isa = PBXFileReference; lastKnownFileType = sourcecode.c.objc; path = SceneDelegate.m; sourceTree = "<group>"; };
		9B00A48C24EFAFB200272E4F /* ViewController.h */ = {isa = PBXFileReference; lastKnownFileType = sourcecode.c.h; path = ViewController.h; sourceTree = "<group>"; };
		9B00A48D24EFAFB200272E4F /* ViewController.m */ = {isa = PBXFileReference; lastKnownFileType = sourcecode.c.objc; path = ViewController.m; sourceTree = "<group>"; };
		9B00A49024EFAFB200272E4F /* Base */ = {isa = PBXFileReference; lastKnownFileType = file.storyboard; name = Base; path = Base.lproj/Main.storyboard; sourceTree = "<group>"; };
		9B00A49224EFAFB500272E4F /* Assets.xcassets */ = {isa = PBXFileReference; lastKnownFileType = folder.assetcatalog; path = Assets.xcassets; sourceTree = "<group>"; };
		9B00A49524EFAFB500272E4F /* Base */ = {isa = PBXFileReference; lastKnownFileType = file.storyboard; name = Base; path = Base.lproj/LaunchScreen.storyboard; sourceTree = "<group>"; };
		9B00A49724EFAFB500272E4F /* Info.plist */ = {isa = PBXFileReference; lastKnownFileType = text.plist.xml; path = Info.plist; sourceTree = "<group>"; };
		9B00A49824EFAFB500272E4F /* main.m */ = {isa = PBXFileReference; lastKnownFileType = sourcecode.c.objc; path = main.m; sourceTree = "<group>"; };
		C17E159BD94FEF8770DF2C16 /* Pods-WHKitDemo.debug.xcconfig */ = {isa = PBXFileReference; includeInIndex = 1; lastKnownFileType = text.xcconfig; name = "Pods-WHKitDemo.debug.xcconfig"; path = "Target Support Files/Pods-WHKitDemo/Pods-WHKitDemo.debug.xcconfig"; sourceTree = "<group>"; };
/* End PBXFileReference section */

/* Begin PBXFrameworksBuildPhase section */
		9B00A48024EFAFB200272E4F /* Frameworks */ = {
			isa = PBXFrameworksBuildPhase;
			buildActionMask = 2147483647;
			files = (
				AC8791D2A67377949AAC34C4 /* Pods_WHKitDemo.framework in Frameworks */,
			);
			runOnlyForDeploymentPostprocessing = 0;
		};
/* End PBXFrameworksBuildPhase section */

/* Begin PBXGroup section */
		40D5FB685F3D9D3C993F1CA9 /* Frameworks */ = {
			isa = PBXGroup;
			children = (
				7F1558FB1154EAFA8BB8757D /* Pods_WHKitDemo.framework */,
			);
			name = Frameworks;
			sourceTree = "<group>";
		};
		9B00A47A24EFAFB200272E4F = {
			isa = PBXGroup;
			children = (
				9B00A48524EFAFB200272E4F /* WHKitDemo */,
				9B00A48424EFAFB200272E4F /* Products */,
				C911A71CE0549F57FC5C2C28 /* Pods */,
				40D5FB685F3D9D3C993F1CA9 /* Frameworks */,
			);
			sourceTree = "<group>";
		};
		9B00A48424EFAFB200272E4F /* Products */ = {
			isa = PBXGroup;
			children = (
				9B00A48324EFAFB200272E4F /* WHKitDemo.app */,
			);
			name = Products;
			sourceTree = "<group>";
		};
		9B00A48524EFAFB200272E4F /* WHKitDemo */ = {
			isa = PBXGroup;
			children = (
				9B00A48624EFAFB200272E4F /* AppDelegate.h */,
				9B00A48724EFAFB200272E4F /* AppDelegate.m */,
				9B00A48924EFAFB200272E4F /* SceneDelegate.h */,
				9B00A48A24EFAFB200272E4F /* SceneDelegate.m */,
				9B00A48C24EFAFB200272E4F /* ViewController.h */,
				9B00A48D24EFAFB200272E4F /* ViewController.m */,
				9B00A48F24EFAFB200272E4F /* Main.storyboard */,
				9B00A49224EFAFB500272E4F /* Assets.xcassets */,
				9B00A49424EFAFB500272E4F /* LaunchScreen.storyboard */,
				9B00A49724EFAFB500272E4F /* Info.plist */,
				9B00A49824EFAFB500272E4F /* main.m */,
			);
			path = WHKitDemo;
			sourceTree = "<group>";
		};
		C911A71CE0549F57FC5C2C28 /* Pods */ = {
			isa = PBXGroup;
			children = (
				C17E159BD94FEF8770DF2C16 /* Pods-WHKitDemo.debug.xcconfig */,
				941A6A9889FB0527E704127B /* Pods-WHKitDemo.release.xcconfig */,
			);
			path = Pods;
			sourceTree = "<group>";
		};
/* End PBXGroup section */

/* Begin PBXNativeTarget section */
		9B00A48224EFAFB200272E4F /* WHKitDemo */ = {
			isa = PBXNativeTarget;
			buildConfigurationList = 9B00A49C24EFAFB500272E4F /* Build configuration list for PBXNativeTarget "WHKitDemo" */;
			buildPhases = (
				65286A4B20C1D79AF667EA8F /* [CP] Check Pods Manifest.lock */,
				9B00A47F24EFAFB200272E4F /* Sources */,
				9B00A48024EFAFB200272E4F /* Frameworks */,
				9B00A48124EFAFB200272E4F /* Resources */,
				E9AB0B1C8A486876390EF977 /* [CP] Embed Pods Frameworks */,
			);
			buildRules = (
			);
			dependencies = (
			);
			name = WHKitDemo;
			productName = WHKitDemo;
			productReference = 9B00A48324EFAFB200272E4F /* WHKitDemo.app */;
			productType = "com.apple.product-type.application";
		};
/* End PBXNativeTarget section */

/* Begin PBXProject section */
		9B00A47B24EFAFB200272E4F /* Project object */ = {
			isa = PBXProject;
			attributes = {
				LastUpgradeCheck = 1240;
				ORGANIZATIONNAME = wuhao;
				TargetAttributes = {
					9B00A48224EFAFB200272E4F = {
						CreatedOnToolsVersion = 11.3.1;
					};
				};
			};
			buildConfigurationList = 9B00A47E24EFAFB200272E4F /* Build configuration list for PBXProject "WHKitDemo" */;
			compatibilityVersion = "Xcode 9.3";
			developmentRegion = en;
			hasScannedForEncodings = 0;
			knownRegions = (
				en,
				Base,
			);
			mainGroup = 9B00A47A24EFAFB200272E4F;
			productRefGroup = 9B00A48424EFAFB200272E4F /* Products */;
			projectDirPath = "";
			projectRoot = "";
			targets = (
				9B00A48224EFAFB200272E4F /* WHKitDemo */,
			);
		};
/* End PBXProject section */

/* Begin PBXResourcesBuildPhase section */
		9B00A48124EFAFB200272E4F /* Resources */ = {
			isa = PBXResourcesBuildPhase;
			buildActionMask = 2147483647;
			files = (
				9B00A49624EFAFB500272E4F /* LaunchScreen.storyboard in Resources */,
				9B00A49324EFAFB500272E4F /* Assets.xcassets in Resources */,
				9B00A49124EFAFB200272E4F /* Main.storyboard in Resources */,
			);
			runOnlyForDeploymentPostprocessing = 0;
		};
/* End PBXResourcesBuildPhase section */

/* Begin PBXShellScriptBuildPhase section */
		65286A4B20C1D79AF667EA8F /* [CP] Check Pods Manifest.lock */ = {
			isa = PBXShellScriptBuildPhase;
			buildActionMask = 2147483647;
			files = (
			);
			inputFileListPaths = (
			);
			inputPaths = (
				"${PODS_PODFILE_DIR_PATH}/Podfile.lock",
				"${PODS_ROOT}/Manifest.lock",
			);
			name = "[CP] Check Pods Manifest.lock";
			outputFileListPaths = (
			);
			outputPaths = (
				"$(DERIVED_FILE_DIR)/Pods-WHKitDemo-checkManifestLockResult.txt",
			);
			runOnlyForDeploymentPostprocessing = 0;
			shellPath = /bin/sh;
			shellScript = "diff \"${PODS_PODFILE_DIR_PATH}/Podfile.lock\" \"${PODS_ROOT}/Manifest.lock\" > /dev/null\nif [ $? != 0 ] ; then\n    # print error to STDERR\n    echo \"error: The sandbox is not in sync with the Podfile.lock. Run 'pod install' or update your CocoaPods installation.\" >&2\n    exit 1\nfi\n# This output is used by Xcode 'outputs' to avoid re-running this script phase.\necho \"SUCCESS\" > \"${SCRIPT_OUTPUT_FILE_0}\"\n";
			showEnvVarsInLog = 0;
		};
		E9AB0B1C8A486876390EF977 /* [CP] Embed Pods Frameworks */ = {
			isa = PBXShellScriptBuildPhase;
			buildActionMask = 2147483647;
			files = (
			);
			inputFileListPaths = (
				"${PODS_ROOT}/Target Support Files/Pods-WHKitDemo/Pods-WHKitDemo-frameworks-${CONFIGURATION}-input-files.xcfilelist",
			);
			name = "[CP] Embed Pods Frameworks";
			outputFileListPaths = (
				"${PODS_ROOT}/Target Support Files/Pods-WHKitDemo/Pods-WHKitDemo-frameworks-${CONFIGURATION}-output-files.xcfilelist",
			);
			runOnlyForDeploymentPostprocessing = 0;
			shellPath = /bin/sh;
			shellScript = "\"${PODS_ROOT}/Target Support Files/Pods-WHKitDemo/Pods-WHKitDemo-frameworks.sh\"\n";
			showEnvVarsInLog = 0;
		};
/* End PBXShellScriptBuildPhase section */

/* Begin PBXSourcesBuildPhase section */
		9B00A47F24EFAFB200272E4F /* Sources */ = {
			isa = PBXSourcesBuildPhase;
			buildActionMask = 2147483647;
			files = (
				9B00A48E24EFAFB200272E4F /* ViewController.m in Sources */,
				9B00A48824EFAFB200272E4F /* AppDelegate.m in Sources */,
				9B00A49924EFAFB500272E4F /* main.m in Sources */,
				9B00A48B24EFAFB200272E4F /* SceneDelegate.m in Sources */,
			);
			runOnlyForDeploymentPostprocessing = 0;
		};
/* End PBXSourcesBuildPhase section */

/* Begin PBXVariantGroup section */
		9B00A48F24EFAFB200272E4F /* Main.storyboard */ = {
			isa = PBXVariantGroup;
			children = (
				9B00A49024EFAFB200272E4F /* Base */,
			);
			name = Main.storyboard;
			sourceTree = "<group>";
		};
		9B00A49424EFAFB500272E4F /* LaunchScreen.storyboard */ = {
			isa = PBXVariantGroup;
			children = (
				9B00A49524EFAFB500272E4F /* Base */,
			);
			name = LaunchScreen.storyboard;
			sourceTree = "<group>";
		};
/* End PBXVariantGroup section */

/* Begin XCBuildConfiguration section */
		9B00A49A24EFAFB500272E4F /* Debug */ = {
			isa = XCBuildConfiguration;
			buildSettings = {
				ALWAYS_SEARCH_USER_PATHS = NO;
				CLANG_ANALYZER_NONNULL = YES;
				CLANG_ANALYZER_NUMBER_OBJECT_CONVERSION = YES_AGGRESSIVE;
				CLANG_CXX_LANGUAGE_STANDARD = "gnu++14";
				CLANG_CXX_LIBRARY = "libc++";
				CLANG_ENABLE_MODULES = YES;
				CLANG_ENABLE_OBJC_ARC = YES;
				CLANG_ENABLE_OBJC_WEAK = YES;
				CLANG_WARN_BLOCK_CAPTURE_AUTORELEASING = YES;
				CLANG_WARN_BOOL_CONVERSION = YES;
				CLANG_WARN_COMMA = YES;
				CLANG_WARN_CONSTANT_CONVERSION = YES;
				CLANG_WARN_DEPRECATED_OBJC_IMPLEMENTATIONS = YES;
				CLANG_WARN_DIRECT_OBJC_ISA_USAGE = YES_ERROR;
				CLANG_WARN_DOCUMENTATION_COMMENTS = YES;
				CLANG_WARN_EMPTY_BODY = YES;
				CLANG_WARN_ENUM_CONVERSION = YES;
				CLANG_WARN_INFINITE_RECURSION = YES;
				CLANG_WARN_INT_CONVERSION = YES;
				CLANG_WARN_NON_LITERAL_NULL_CONVERSION = YES;
				CLANG_WARN_OBJC_IMPLICIT_RETAIN_SELF = YES;
				CLANG_WARN_OBJC_LITERAL_CONVERSION = YES;
				CLANG_WARN_OBJC_ROOT_CLASS = YES_ERROR;
				CLANG_WARN_QUOTED_INCLUDE_IN_FRAMEWORK_HEADER = YES;
				CLANG_WARN_RANGE_LOOP_ANALYSIS = YES;
				CLANG_WARN_STRICT_PROTOTYPES = YES;
				CLANG_WARN_SUSPICIOUS_MOVE = YES;
				CLANG_WARN_UNGUARDED_AVAILABILITY = YES_AGGRESSIVE;
				CLANG_WARN_UNREACHABLE_CODE = YES;
				CLANG_WARN__DUPLICATE_METHOD_MATCH = YES;
				COPY_PHASE_STRIP = NO;
				DEBUG_INFORMATION_FORMAT = dwarf;
				ENABLE_STRICT_OBJC_MSGSEND = YES;
				ENABLE_TESTABILITY = YES;
				GCC_C_LANGUAGE_STANDARD = gnu11;
				GCC_DYNAMIC_NO_PIC = NO;
				GCC_NO_COMMON_BLOCKS = YES;
				GCC_OPTIMIZATION_LEVEL = 0;
				GCC_PREPROCESSOR_DEFINITIONS = (
					"DEBUG=1",
					"$(inherited)",
				);
				GCC_WARN_64_TO_32_BIT_CONVERSION = YES;
				GCC_WARN_ABOUT_RETURN_TYPE = YES_ERROR;
				GCC_WARN_UNDECLARED_SELECTOR = YES;
				GCC_WARN_UNINITIALIZED_AUTOS = YES_AGGRESSIVE;
				GCC_WARN_UNUSED_FUNCTION = YES;
				GCC_WARN_UNUSED_VARIABLE = YES;
				IPHONEOS_DEPLOYMENT_TARGET = 13.2;
				MTL_ENABLE_DEBUG_INFO = INCLUDE_SOURCE;
				MTL_FAST_MATH = YES;
				ONLY_ACTIVE_ARCH = YES;
				SDKROOT = iphoneos;
			};
			name = Debug;
		};
		9B00A49B24EFAFB500272E4F /* Release */ = {
			isa = XCBuildConfiguration;
			buildSettings = {
				ALWAYS_SEARCH_USER_PATHS = NO;
				CLANG_ANALYZER_NONNULL = YES;
				CLANG_ANALYZER_NUMBER_OBJECT_CONVERSION = YES_AGGRESSIVE;
				CLANG_CXX_LANGUAGE_STANDARD = "gnu++14";
				CLANG_CXX_LIBRARY = "libc++";
				CLANG_ENABLE_MODULES = YES;
				CLANG_ENABLE_OBJC_ARC = YES;
				CLANG_ENABLE_OBJC_WEAK = YES;
				CLANG_WARN_BLOCK_CAPTURE_AUTORELEASING = YES;
				CLANG_WARN_BOOL_CONVERSION = YES;
				CLANG_WARN_COMMA = YES;
				CLANG_WARN_CONSTANT_CONVERSION = YES;
				CLANG_WARN_DEPRECATED_OBJC_IMPLEMENTATIONS = YES;
				CLANG_WARN_DIRECT_OBJC_ISA_USAGE = YES_ERROR;
				CLANG_WARN_DOCUMENTATION_COMMENTS = YES;
				CLANG_WARN_EMPTY_BODY = YES;
				CLANG_WARN_ENUM_CONVERSION = YES;
				CLANG_WARN_INFINITE_RECURSION = YES;
				CLANG_WARN_INT_CONVERSION = YES;
				CLANG_WARN_NON_LITERAL_NULL_CONVERSION = YES;
				CLANG_WARN_OBJC_IMPLICIT_RETAIN_SELF = YES;
				CLANG_WARN_OBJC_LITERAL_CONVERSION = YES;
				CLANG_WARN_OBJC_ROOT_CLASS = YES_ERROR;
				CLANG_WARN_QUOTED_INCLUDE_IN_FRAMEWORK_HEADER = YES;
				CLANG_WARN_RANGE_LOOP_ANALYSIS = YES;
				CLANG_WARN_STRICT_PROTOTYPES = YES;
				CLANG_WARN_SUSPICIOUS_MOVE = YES;
				CLANG_WARN_UNGUARDED_AVAILABILITY = YES_AGGRESSIVE;
				CLANG_WARN_UNREACHABLE_CODE = YES;
				CLANG_WARN__DUPLICATE_METHOD_MATCH = YES;
				COPY_PHASE_STRIP = NO;
				DEBUG_INFORMATION_FORMAT = "dwarf-with-dsym";
				ENABLE_NS_ASSERTIONS = NO;
				ENABLE_STRICT_OBJC_MSGSEND = YES;
				GCC_C_LANGUAGE_STANDARD = gnu11;
				GCC_NO_COMMON_BLOCKS = YES;
				GCC_WARN_64_TO_32_BIT_CONVERSION = YES;
				GCC_WARN_ABOUT_RETURN_TYPE = YES_ERROR;
				GCC_WARN_UNDECLARED_SELECTOR = YES;
				GCC_WARN_UNINITIALIZED_AUTOS = YES_AGGRESSIVE;
				GCC_WARN_UNUSED_FUNCTION = YES;
				GCC_WARN_UNUSED_VARIABLE = YES;
				IPHONEOS_DEPLOYMENT_TARGET = 13.2;
				MTL_ENABLE_DEBUG_INFO = NO;
				MTL_FAST_MATH = YES;
				SDKROOT = iphoneos;
				VALIDATE_PRODUCT = YES;
			};
			name = Release;
		};
		9B00A49D24EFAFB500272E4F /* Debug */ = {
			isa = XCBuildConfiguration;
			baseConfigurationReference = C17E159BD94FEF8770DF2C16 /* Pods-WHKitDemo.debug.xcconfig */;
			buildSettings = {
				ASSETCATALOG_COMPILER_APPICON_NAME = AppIcon;
				CODE_SIGN_STYLE = Automatic;
				INFOPLIST_FILE = WHKitDemo/Info.plist;
				LD_RUNPATH_SEARCH_PATHS = (
					"$(inherited)",
					"@executable_path/Frameworks",
				);
				PRODUCT_BUNDLE_IDENTIFIER = com.wuhao.WHKitDemo;
				PRODUCT_NAME = "$(TARGET_NAME)";
				TARGETED_DEVICE_FAMILY = "1,2";
			};
			name = Debug;
		};
		9B00A49E24EFAFB500272E4F /* Release */ = {
			isa = XCBuildConfiguration;
			baseConfigurationReference = 941A6A9889FB0527E704127B /* Pods-WHKitDemo.release.xcconfig */;
			buildSettings = {
				ASSETCATALOG_COMPILER_APPICON_NAME = AppIcon;
				CODE_SIGN_STYLE = Automatic;
				INFOPLIST_FILE = WHKitDemo/Info.plist;
				LD_RUNPATH_SEARCH_PATHS = (
					"$(inherited)",
					"@executable_path/Frameworks",
				);
				PRODUCT_BUNDLE_IDENTIFIER = com.wuhao.WHKitDemo;
				PRODUCT_NAME = "$(TARGET_NAME)";
				TARGETED_DEVICE_FAMILY = "1,2";
			};
			name = Release;
		};
/* End XCBuildConfiguration section */

/* Begin XCConfigurationList section */
		9B00A47E24EFAFB200272E4F /* Build configuration list for PBXProject "WHKitDemo" */ = {
			isa = XCConfigurationList;
			buildConfigurations = (
				9B00A49A24EFAFB500272E4F /* Debug */,
				9B00A49B24EFAFB500272E4F /* Release */,
			);
			defaultConfigurationIsVisible = 0;
			defaultConfigurationName = Release;
		};
		9B00A49C24EFAFB500272E4F /* Build configuration list for PBXNativeTarget "WHKitDemo" */ = {
			isa = XCConfigurationList;
			buildConfigurations = (
				9B00A49D24EFAFB500272E4F /* Debug */,
				9B00A49E24EFAFB500272E4F /* Release */,
			);
			defaultConfigurationIsVisible = 0;
			defaultConfigurationName = Release;
		};
/* End XCConfigurationList section */
	};
	rootObject = 9B00A47B24EFAFB200272E4F /* Project object */;
}
